{
  "name": "ng-strapi",
  "version": "0.0.2",
  "lockfileVersion": 1,
  "requires": true,
  "dependencies": {
    "@types/js-cookie": {
      "version": "2.2.2",
      "resolved": "https://registry.npmjs.org/@types/js-cookie/-/js-cookie-2.2.2.tgz",
      "integrity": "sha512-vkuGzldF9mNsWS9cmmMFfW1rufa7IdPUorS150gKoU/2fzLJ/0LXiMMtRqIBWz0sZ/VF2VxwB25WXEOo6akU6w==",
      "dev": true
    }
  }
}
